// !$*UTF8*$!
{
	archiveVersion = 1;
	classes = {
	};
	objectVersion = 56;
	objects = {

/* Begin PBXBuildFile section */
		1800F40F2B6056A700282246 /* MenuViewController.swift in Sources */ = {isa = PBXBuildFile; fileRef = 1800F40E2B6056A700282246 /* MenuViewController.swift */; };
		1800F4112B6056B800282246 /* MenuFactory.swift in Sources */ = {isa = PBXBuildFile; fileRef = 1800F4102B6056B800282246 /* MenuFactory.swift */; };
		183D92042B4AF357007AE5CF /* AppDelegate.swift in Sources */ = {isa = PBXBuildFile; fileRef = 183D92032B4AF357007AE5CF /* AppDelegate.swift */; };
		183D92062B4AF357007AE5CF /* SceneDelegate.swift in Sources */ = {isa = PBXBuildFile; fileRef = 183D92052B4AF357007AE5CF /* SceneDelegate.swift */; };
		183D92082B4AF357007AE5CF /* HomeViewController.swift in Sources */ = {isa = PBXBuildFile; fileRef = 183D92072B4AF357007AE5CF /* HomeViewController.swift */; };
		183D920D2B4AF358007AE5CF /* Assets.xcassets in Resources */ = {isa = PBXBuildFile; fileRef = 183D920C2B4AF358007AE5CF /* Assets.xcassets */; };
		183D92102B4AF358007AE5CF /* LaunchScreen.storyboard in Resources */ = {isa = PBXBuildFile; fileRef = 183D920E2B4AF358007AE5CF /* LaunchScreen.storyboard */; };
		183D921B2B4AF6EC007AE5CF /* Endpoint.swift in Sources */ = {isa = PBXBuildFile; fileRef = 183D921A2B4AF6EC007AE5CF /* Endpoint.swift */; };
		183D921D2B4AF744007AE5CF /* HTTPMethod.swift in Sources */ = {isa = PBXBuildFile; fileRef = 183D921C2B4AF744007AE5CF /* HTTPMethod.swift */; };
		183D921F2B4AF850007AE5CF /* NetworkError.swift in Sources */ = {isa = PBXBuildFile; fileRef = 183D921E2B4AF850007AE5CF /* NetworkError.swift */; };
		183D92212B4AFBCB007AE5CF /* NetworkService.swift in Sources */ = {isa = PBXBuildFile; fileRef = 183D92202B4AFBCB007AE5CF /* NetworkService.swift */; };
		183D92232B4B138C007AE5CF /* Secrets.swift in Sources */ = {isa = PBXBuildFile; fileRef = 183D92222B4B138C007AE5CF /* Secrets.swift */; };
		183D92262B4B15A7007AE5CF /* Movie.swift in Sources */ = {isa = PBXBuildFile; fileRef = 183D92252B4B15A7007AE5CF /* Movie.swift */; };
		183D92282B4B19AE007AE5CF /* APIResponse.swift in Sources */ = {isa = PBXBuildFile; fileRef = 183D92272B4B19AE007AE5CF /* APIResponse.swift */; };
		183D922C2B4B2541007AE5CF /* MovieListEndpoint.swift in Sources */ = {isa = PBXBuildFile; fileRef = 183D922B2B4B2541007AE5CF /* MovieListEndpoint.swift */; };
		183D92302B4B5AFB007AE5CF /* HomeInteractor.swift in Sources */ = {isa = PBXBuildFile; fileRef = 183D922F2B4B5AFB007AE5CF /* HomeInteractor.swift */; };
		183D92322B4B6086007AE5CF /* HomePresenter.swift in Sources */ = {isa = PBXBuildFile; fileRef = 183D92312B4B6086007AE5CF /* HomePresenter.swift */; };
		183D92342B4B70B7007AE5CF /* HomeFactory.swift in Sources */ = {isa = PBXBuildFile; fileRef = 183D92332B4B70B7007AE5CF /* HomeFactory.swift */; };
		183D92372B4C11D0007AE5CF /* CarouselCollectionViewCell.swift in Sources */ = {isa = PBXBuildFile; fileRef = 183D92362B4C11D0007AE5CF /* CarouselCollectionViewCell.swift */; };
		183D923A2B4C190C007AE5CF /* Kingfisher in Frameworks */ = {isa = PBXBuildFile; productRef = 183D92392B4C190C007AE5CF /* Kingfisher */; };
		183D923C2B4C3789007AE5CF /* CarouselSectionHeaderView.swift in Sources */ = {isa = PBXBuildFile; fileRef = 183D923B2B4C3789007AE5CF /* CarouselSectionHeaderView.swift */; };
		185D81382B4D6D7E00B9F8DD /* Localizable.xcstrings in Resources */ = {isa = PBXBuildFile; fileRef = 185D81372B4D6D7E00B9F8DD /* Localizable.xcstrings */; };
		185D813A2B4D866300B9F8DD /* UIViewController+Extension.swift in Sources */ = {isa = PBXBuildFile; fileRef = 185D81392B4D866300B9F8DD /* UIViewController+Extension.swift */; };
		185D813C2B4D8C2800B9F8DD /* UIFont+Extension.swift in Sources */ = {isa = PBXBuildFile; fileRef = 185D813B2B4D8C2800B9F8DD /* UIFont+Extension.swift */; };
		185D813F2B4DB1E400B9F8DD /* DetailsViewController.swift in Sources */ = {isa = PBXBuildFile; fileRef = 185D813E2B4DB1E400B9F8DD /* DetailsViewController.swift */; };
		185D81422B4DE7E500B9F8DD /* InfosCell.swift in Sources */ = {isa = PBXBuildFile; fileRef = 185D81412B4DE7E500B9F8DD /* InfosCell.swift */; };
		187B9EAA2B4F1F5100E75C62 /* HomeRouter.swift in Sources */ = {isa = PBXBuildFile; fileRef = 187B9EA92B4F1F5100E75C62 /* HomeRouter.swift */; };
		187B9EAC2B4F209F00E75C62 /* DetailsFactory.swift in Sources */ = {isa = PBXBuildFile; fileRef = 187B9EAB2B4F209F00E75C62 /* DetailsFactory.swift */; };
		188064CB2B4CDF5D0064C122 /* TrendingEndpoint.swift in Sources */ = {isa = PBXBuildFile; fileRef = 188064CA2B4CDF5D0064C122 /* TrendingEndpoint.swift */; };
		188064CD2B4CEE9C0064C122 /* HighlightCollectionViewCell.swift in Sources */ = {isa = PBXBuildFile; fileRef = 188064CC2B4CEE9C0064C122 /* HighlightCollectionViewCell.swift */; };
		188064D02B4CFE770064C122 /* UImage+Extension.swift in Sources */ = {isa = PBXBuildFile; fileRef = 188064CF2B4CFE770064C122 /* UImage+Extension.swift */; };
		188064D22B4CFE8E0064C122 /* UIView+Extension.swift in Sources */ = {isa = PBXBuildFile; fileRef = 188064D12B4CFE8E0064C122 /* UIView+Extension.swift */; };
		188064D42B4CFEAC0064C122 /* CAGradientLayer+Extension.swift in Sources */ = {isa = PBXBuildFile; fileRef = 188064D32B4CFEAC0064C122 /* CAGradientLayer+Extension.swift */; };
		188572B32B54A315003A7BE2 /* TransitionManager.swift in Sources */ = {isa = PBXBuildFile; fileRef = 188572B22B54A315003A7BE2 /* TransitionManager.swift */; };
		18E1D8402B5193180094CB12 /* Video.swift in Sources */ = {isa = PBXBuildFile; fileRef = 18E1D83F2B5193180094CB12 /* Video.swift */; };
		18E1D8422B5194530094CB12 /* ReleaseDate.swift in Sources */ = {isa = PBXBuildFile; fileRef = 18E1D8412B5194530094CB12 /* ReleaseDate.swift */; };
		18E1D8442B51A3030094CB12 /* MovieEndpoint.swift in Sources */ = {isa = PBXBuildFile; fileRef = 18E1D8432B51A3030094CB12 /* MovieEndpoint.swift */; };
		18E1D8462B51A4870094CB12 /* DetailsInteractor.swift in Sources */ = {isa = PBXBuildFile; fileRef = 18E1D8452B51A4870094CB12 /* DetailsInteractor.swift */; };
		18E1D8482B51BDF10094CB12 /* DetailsPresenter.swift in Sources */ = {isa = PBXBuildFile; fileRef = 18E1D8472B51BDF10094CB12 /* DetailsPresenter.swift */; };
		18E1D84A2B522DE10094CB12 /* SegmentedControlHeaderView.swift in Sources */ = {isa = PBXBuildFile; fileRef = 18E1D8492B522DE10094CB12 /* SegmentedControlHeaderView.swift */; };
/* End PBXBuildFile section */

/* Begin PBXFileReference section */
		1800F40E2B6056A700282246 /* MenuViewController.swift */ = {isa = PBXFileReference; lastKnownFileType = sourcecode.swift; path = MenuViewController.swift; sourceTree = "<group>"; };
		1800F4102B6056B800282246 /* MenuFactory.swift */ = {isa = PBXFileReference; lastKnownFileType = sourcecode.swift; path = MenuFactory.swift; sourceTree = "<group>"; };
		183D92002B4AF357007AE5CF /* YSMovie.app */ = {isa = PBXFileReference; explicitFileType = wrapper.application; includeInIndex = 0; path = YSMovie.app; sourceTree = BUILT_PRODUCTS_DIR; };
		183D92032B4AF357007AE5CF /* AppDelegate.swift */ = {isa = PBXFileReference; lastKnownFileType = sourcecode.swift; path = AppDelegate.swift; sourceTree = "<group>"; };
		183D92052B4AF357007AE5CF /* SceneDelegate.swift */ = {isa = PBXFileReference; lastKnownFileType = sourcecode.swift; path = SceneDelegate.swift; sourceTree = "<group>"; };
		183D92072B4AF357007AE5CF /* HomeViewController.swift */ = {isa = PBXFileReference; lastKnownFileType = sourcecode.swift; path = HomeViewController.swift; sourceTree = "<group>"; };
		183D920C2B4AF358007AE5CF /* Assets.xcassets */ = {isa = PBXFileReference; lastKnownFileType = folder.assetcatalog; path = Assets.xcassets; sourceTree = "<group>"; };
		183D920F2B4AF358007AE5CF /* Base */ = {isa = PBXFileReference; lastKnownFileType = file.storyboard; name = Base; path = Base.lproj/LaunchScreen.storyboard; sourceTree = "<group>"; };
		183D92112B4AF358007AE5CF /* Info.plist */ = {isa = PBXFileReference; lastKnownFileType = text.plist.xml; path = Info.plist; sourceTree = "<group>"; };
		183D921A2B4AF6EC007AE5CF /* Endpoint.swift */ = {isa = PBXFileReference; lastKnownFileType = sourcecode.swift; path = Endpoint.swift; sourceTree = "<group>"; };
		183D921C2B4AF744007AE5CF /* HTTPMethod.swift */ = {isa = PBXFileReference; lastKnownFileType = sourcecode.swift; path = HTTPMethod.swift; sourceTree = "<group>"; };
		183D921E2B4AF850007AE5CF /* NetworkError.swift */ = {isa = PBXFileReference; lastKnownFileType = sourcecode.swift; path = NetworkError.swift; sourceTree = "<group>"; };
		183D92202B4AFBCB007AE5CF /* NetworkService.swift */ = {isa = PBXFileReference; lastKnownFileType = sourcecode.swift; path = NetworkService.swift; sourceTree = "<group>"; };
		183D92222B4B138C007AE5CF /* Secrets.swift */ = {isa = PBXFileReference; lastKnownFileType = sourcecode.swift; path = Secrets.swift; sourceTree = "<group>"; };
		183D92252B4B15A7007AE5CF /* Movie.swift */ = {isa = PBXFileReference; lastKnownFileType = sourcecode.swift; path = Movie.swift; sourceTree = "<group>"; };
		183D92272B4B19AE007AE5CF /* APIResponse.swift */ = {isa = PBXFileReference; lastKnownFileType = sourcecode.swift; path = APIResponse.swift; sourceTree = "<group>"; };
		183D922B2B4B2541007AE5CF /* MovieListEndpoint.swift */ = {isa = PBXFileReference; lastKnownFileType = sourcecode.swift; path = MovieListEndpoint.swift; sourceTree = "<group>"; };
		183D922F2B4B5AFB007AE5CF /* HomeInteractor.swift */ = {isa = PBXFileReference; lastKnownFileType = sourcecode.swift; path = HomeInteractor.swift; sourceTree = "<group>"; };
		183D92312B4B6086007AE5CF /* HomePresenter.swift */ = {isa = PBXFileReference; lastKnownFileType = sourcecode.swift; path = HomePresenter.swift; sourceTree = "<group>"; };
		183D92332B4B70B7007AE5CF /* HomeFactory.swift */ = {isa = PBXFileReference; lastKnownFileType = sourcecode.swift; path = HomeFactory.swift; sourceTree = "<group>"; };
		183D92362B4C11D0007AE5CF /* CarouselCollectionViewCell.swift */ = {isa = PBXFileReference; lastKnownFileType = sourcecode.swift; path = CarouselCollectionViewCell.swift; sourceTree = "<group>"; };
		183D923B2B4C3789007AE5CF /* CarouselSectionHeaderView.swift */ = {isa = PBXFileReference; lastKnownFileType = sourcecode.swift; path = CarouselSectionHeaderView.swift; sourceTree = "<group>"; };
		185D81372B4D6D7E00B9F8DD /* Localizable.xcstrings */ = {isa = PBXFileReference; lastKnownFileType = text.json.xcstrings; path = Localizable.xcstrings; sourceTree = "<group>"; };
		185D81392B4D866300B9F8DD /* UIViewController+Extension.swift */ = {isa = PBXFileReference; lastKnownFileType = sourcecode.swift; path = "UIViewController+Extension.swift"; sourceTree = "<group>"; };
		185D813B2B4D8C2800B9F8DD /* UIFont+Extension.swift */ = {isa = PBXFileReference; lastKnownFileType = sourcecode.swift; path = "UIFont+Extension.swift"; sourceTree = "<group>"; };
		185D813E2B4DB1E400B9F8DD /* DetailsViewController.swift */ = {isa = PBXFileReference; lastKnownFileType = sourcecode.swift; path = DetailsViewController.swift; sourceTree = "<group>"; };
		185D81412B4DE7E500B9F8DD /* InfosCell.swift */ = {isa = PBXFileReference; lastKnownFileType = sourcecode.swift; path = InfosCell.swift; sourceTree = "<group>"; };
		187B9EA92B4F1F5100E75C62 /* HomeRouter.swift */ = {isa = PBXFileReference; lastKnownFileType = sourcecode.swift; path = HomeRouter.swift; sourceTree = "<group>"; };
		187B9EAB2B4F209F00E75C62 /* DetailsFactory.swift */ = {isa = PBXFileReference; lastKnownFileType = sourcecode.swift; path = DetailsFactory.swift; sourceTree = "<group>"; };
		188064CA2B4CDF5D0064C122 /* TrendingEndpoint.swift */ = {isa = PBXFileReference; lastKnownFileType = sourcecode.swift; path = TrendingEndpoint.swift; sourceTree = "<group>"; };
		188064CC2B4CEE9C0064C122 /* HighlightCollectionViewCell.swift */ = {isa = PBXFileReference; lastKnownFileType = sourcecode.swift; path = HighlightCollectionViewCell.swift; sourceTree = "<group>"; };
		188064CF2B4CFE770064C122 /* UImage+Extension.swift */ = {isa = PBXFileReference; lastKnownFileType = sourcecode.swift; path = "UImage+Extension.swift"; sourceTree = "<group>"; };
		188064D12B4CFE8E0064C122 /* UIView+Extension.swift */ = {isa = PBXFileReference; lastKnownFileType = sourcecode.swift; path = "UIView+Extension.swift"; sourceTree = "<group>"; };
		188064D32B4CFEAC0064C122 /* CAGradientLayer+Extension.swift */ = {isa = PBXFileReference; lastKnownFileType = sourcecode.swift; path = "CAGradientLayer+Extension.swift"; sourceTree = "<group>"; };
		188572B22B54A315003A7BE2 /* TransitionManager.swift */ = {isa = PBXFileReference; lastKnownFileType = sourcecode.swift; path = TransitionManager.swift; sourceTree = "<group>"; };
		18E1D83F2B5193180094CB12 /* Video.swift */ = {isa = PBXFileReference; lastKnownFileType = sourcecode.swift; path = Video.swift; sourceTree = "<group>"; };
		18E1D8412B5194530094CB12 /* ReleaseDate.swift */ = {isa = PBXFileReference; lastKnownFileType = sourcecode.swift; path = ReleaseDate.swift; sourceTree = "<group>"; };
		18E1D8432B51A3030094CB12 /* MovieEndpoint.swift */ = {isa = PBXFileReference; lastKnownFileType = sourcecode.swift; path = MovieEndpoint.swift; sourceTree = "<group>"; };
		18E1D8452B51A4870094CB12 /* DetailsInteractor.swift */ = {isa = PBXFileReference; lastKnownFileType = sourcecode.swift; path = DetailsInteractor.swift; sourceTree = "<group>"; };
		18E1D8472B51BDF10094CB12 /* DetailsPresenter.swift */ = {isa = PBXFileReference; lastKnownFileType = sourcecode.swift; path = DetailsPresenter.swift; sourceTree = "<group>"; };
		18E1D8492B522DE10094CB12 /* SegmentedControlHeaderView.swift */ = {isa = PBXFileReference; lastKnownFileType = sourcecode.swift; path = SegmentedControlHeaderView.swift; sourceTree = "<group>"; };
/* End PBXFileReference section */

/* Begin PBXFrameworksBuildPhase section */
		183D91FD2B4AF357007AE5CF /* Frameworks */ = {
			isa = PBXFrameworksBuildPhase;
			buildActionMask = 2147483647;
			files = (
				183D923A2B4C190C007AE5CF /* Kingfisher in Frameworks */,
			);
			runOnlyForDeploymentPostprocessing = 0;
		};
/* End PBXFrameworksBuildPhase section */

/* Begin PBXGroup section */
		1800F40D2B60569000282246 /* Menu */ = {
			isa = PBXGroup;
			children = (
				1800F4102B6056B800282246 /* MenuFactory.swift */,
				1800F40E2B6056A700282246 /* MenuViewController.swift */,
			);
			path = Menu;
			sourceTree = "<group>";
		};
		183D91F72B4AF357007AE5CF = {
			isa = PBXGroup;
			children = (
				183D92022B4AF357007AE5CF /* YSMovie */,
				183D92012B4AF357007AE5CF /* Products */,
			);
			sourceTree = "<group>";
		};
		183D92012B4AF357007AE5CF /* Products */ = {
			isa = PBXGroup;
			children = (
				183D92002B4AF357007AE5CF /* YSMovie.app */,
			);
			name = Products;
			sourceTree = "<group>";
		};
		183D92022B4AF357007AE5CF /* YSMovie */ = {
			isa = PBXGroup;
			children = (
				183D92032B4AF357007AE5CF /* AppDelegate.swift */,
				183D92052B4AF357007AE5CF /* SceneDelegate.swift */,
				183D92112B4AF358007AE5CF /* Info.plist */,
				188572B12B54A2FA003A7BE2 /* Managers */,
				183D92242B4B1599007AE5CF /* Model */,
				183D92192B4AF6CA007AE5CF /* Network */,
				183D922D2B4B5A2C007AE5CF /* Scenes */,
				188064CE2B4CFE5D0064C122 /* Utils */,
				183D920C2B4AF358007AE5CF /* Assets.xcassets */,
				183D920E2B4AF358007AE5CF /* LaunchScreen.storyboard */,
				185D81372B4D6D7E00B9F8DD /* Localizable.xcstrings */,
			);
			path = YSMovie;
			sourceTree = "<group>";
		};
		183D92192B4AF6CA007AE5CF /* Network */ = {
			isa = PBXGroup;
			children = (
				183D922A2B4B252C007AE5CF /* Endpoints */,
				183D921A2B4AF6EC007AE5CF /* Endpoint.swift */,
				183D921C2B4AF744007AE5CF /* HTTPMethod.swift */,
				183D921E2B4AF850007AE5CF /* NetworkError.swift */,
				183D92202B4AFBCB007AE5CF /* NetworkService.swift */,
				183D92222B4B138C007AE5CF /* Secrets.swift */,
			);
			path = Network;
			sourceTree = "<group>";
		};
		183D92242B4B1599007AE5CF /* Model */ = {
			isa = PBXGroup;
			children = (
				183D92272B4B19AE007AE5CF /* APIResponse.swift */,
				183D92252B4B15A7007AE5CF /* Movie.swift */,
				18E1D8412B5194530094CB12 /* ReleaseDate.swift */,
				18E1D83F2B5193180094CB12 /* Video.swift */,
			);
			path = Model;
			sourceTree = "<group>";
		};
		183D922A2B4B252C007AE5CF /* Endpoints */ = {
			isa = PBXGroup;
			children = (
				18E1D8432B51A3030094CB12 /* MovieEndpoint.swift */,
				183D922B2B4B2541007AE5CF /* MovieListEndpoint.swift */,
				188064CA2B4CDF5D0064C122 /* TrendingEndpoint.swift */,
			);
			path = Endpoints;
			sourceTree = "<group>";
		};
		183D922D2B4B5A2C007AE5CF /* Scenes */ = {
			isa = PBXGroup;
			children = (
				185D813D2B4DB1CA00B9F8DD /* Details */,
				183D922E2B4B5A3D007AE5CF /* Home */,
				1800F40D2B60569000282246 /* Menu */,
			);
			path = Scenes;
			sourceTree = "<group>";
		};
		183D922E2B4B5A3D007AE5CF /* Home */ = {
			isa = PBXGroup;
			children = (
				183D92352B4C11A8007AE5CF /* Components */,
				183D92332B4B70B7007AE5CF /* HomeFactory.swift */,
				183D922F2B4B5AFB007AE5CF /* HomeInteractor.swift */,
				183D92312B4B6086007AE5CF /* HomePresenter.swift */,
				187B9EA92B4F1F5100E75C62 /* HomeRouter.swift */,
				183D92072B4AF357007AE5CF /* HomeViewController.swift */,
			);
			path = Home;
			sourceTree = "<group>";
		};
		183D92352B4C11A8007AE5CF /* Components */ = {
			isa = PBXGroup;
			children = (
				183D92362B4C11D0007AE5CF /* CarouselCollectionViewCell.swift */,
				183D923B2B4C3789007AE5CF /* CarouselSectionHeaderView.swift */,
				188064CC2B4CEE9C0064C122 /* HighlightCollectionViewCell.swift */,
			);
			path = Components;
			sourceTree = "<group>";
		};
		185D813D2B4DB1CA00B9F8DD /* Details */ = {
			isa = PBXGroup;
			children = (
				185D81402B4DE7C200B9F8DD /* Components */,
				187B9EAB2B4F209F00E75C62 /* DetailsFactory.swift */,
				18E1D8452B51A4870094CB12 /* DetailsInteractor.swift */,
				18E1D8472B51BDF10094CB12 /* DetailsPresenter.swift */,
				185D813E2B4DB1E400B9F8DD /* DetailsViewController.swift */,
			);
			path = Details;
			sourceTree = "<group>";
		};
		185D81402B4DE7C200B9F8DD /* Components */ = {
			isa = PBXGroup;
			children = (
				185D81412B4DE7E500B9F8DD /* InfosCell.swift */,
				18E1D8492B522DE10094CB12 /* SegmentedControlHeaderView.swift */,
			);
			path = Components;
			sourceTree = "<group>";
		};
		188064CE2B4CFE5D0064C122 /* Utils */ = {
			isa = PBXGroup;
			children = (
				188064CF2B4CFE770064C122 /* UImage+Extension.swift */,
				188064D12B4CFE8E0064C122 /* UIView+Extension.swift */,
				188064D32B4CFEAC0064C122 /* CAGradientLayer+Extension.swift */,
				185D81392B4D866300B9F8DD /* UIViewController+Extension.swift */,
				185D813B2B4D8C2800B9F8DD /* UIFont+Extension.swift */,
			);
			path = Utils;
			sourceTree = "<group>";
		};
		188572B12B54A2FA003A7BE2 /* Managers */ = {
			isa = PBXGroup;
			children = (
				188572B22B54A315003A7BE2 /* TransitionManager.swift */,
			);
			path = Managers;
			sourceTree = "<group>";
		};
/* End PBXGroup section */

/* Begin PBXNativeTarget section */
		183D91FF2B4AF357007AE5CF /* YSMovie */ = {
			isa = PBXNativeTarget;
			buildConfigurationList = 183D92142B4AF358007AE5CF /* Build configuration list for PBXNativeTarget "YSMovie" */;
			buildPhases = (
				183D91FC2B4AF357007AE5CF /* Sources */,
				183D91FD2B4AF357007AE5CF /* Frameworks */,
				183D91FE2B4AF357007AE5CF /* Resources */,
			);
			buildRules = (
			);
			dependencies = (
			);
			name = YSMovie;
			packageProductDependencies = (
				183D92392B4C190C007AE5CF /* Kingfisher */,
			);
			productName = YSMovie;
			productReference = 183D92002B4AF357007AE5CF /* YSMovie.app */;
			productType = "com.apple.product-type.application";
		};
/* End PBXNativeTarget section */

/* Begin PBXProject section */
		183D91F82B4AF357007AE5CF /* Project object */ = {
			isa = PBXProject;
			attributes = {
				BuildIndependentTargetsInParallel = 1;
				LastSwiftUpdateCheck = 1500;
				LastUpgradeCheck = 1520;
				TargetAttributes = {
					183D91FF2B4AF357007AE5CF = {
						CreatedOnToolsVersion = 15.0;
					};
				};
			};
			buildConfigurationList = 183D91FB2B4AF357007AE5CF /* Build configuration list for PBXProject "YSMovie" */;
			compatibilityVersion = "Xcode 14.0";
			developmentRegion = en;
			hasScannedForEncodings = 0;
			knownRegions = (
				en,
				Base,
				"pt-BR",
			);
			mainGroup = 183D91F72B4AF357007AE5CF;
			packageReferences = (
				183D92382B4C190C007AE5CF /* XCRemoteSwiftPackageReference "Kingfisher" */,
			);
			productRefGroup = 183D92012B4AF357007AE5CF /* Products */;
			projectDirPath = "";
			projectRoot = "";
			targets = (
				183D91FF2B4AF357007AE5CF /* YSMovie */,
			);
		};
/* End PBXProject section */

/* Begin PBXResourcesBuildPhase section */
		183D91FE2B4AF357007AE5CF /* Resources */ = {
			isa = PBXResourcesBuildPhase;
			buildActionMask = 2147483647;
			files = (
				183D92102B4AF358007AE5CF /* LaunchScreen.storyboard in Resources */,
				183D920D2B4AF358007AE5CF /* Assets.xcassets in Resources */,
				185D81382B4D6D7E00B9F8DD /* Localizable.xcstrings in Resources */,
			);
			runOnlyForDeploymentPostprocessing = 0;
		};
/* End PBXResourcesBuildPhase section */

/* Begin PBXSourcesBuildPhase section */
		183D91FC2B4AF357007AE5CF /* Sources */ = {
			isa = PBXSourcesBuildPhase;
			buildActionMask = 2147483647;
			files = (
				187B9EAC2B4F209F00E75C62 /* DetailsFactory.swift in Sources */,
				183D92082B4AF357007AE5CF /* HomeViewController.swift in Sources */,
				183D92232B4B138C007AE5CF /* Secrets.swift in Sources */,
				188064D42B4CFEAC0064C122 /* CAGradientLayer+Extension.swift in Sources */,
				183D92262B4B15A7007AE5CF /* Movie.swift in Sources */,
				18E1D8402B5193180094CB12 /* Video.swift in Sources */,
				188064CD2B4CEE9C0064C122 /* HighlightCollectionViewCell.swift in Sources */,
				185D813C2B4D8C2800B9F8DD /* UIFont+Extension.swift in Sources */,
				183D92302B4B5AFB007AE5CF /* HomeInteractor.swift in Sources */,
				185D81422B4DE7E500B9F8DD /* InfosCell.swift in Sources */,
				183D92282B4B19AE007AE5CF /* APIResponse.swift in Sources */,
				183D92042B4AF357007AE5CF /* AppDelegate.swift in Sources */,
				188064CB2B4CDF5D0064C122 /* TrendingEndpoint.swift in Sources */,
				18E1D84A2B522DE10094CB12 /* SegmentedControlHeaderView.swift in Sources */,
				183D921B2B4AF6EC007AE5CF /* Endpoint.swift in Sources */,
				185D813F2B4DB1E400B9F8DD /* DetailsViewController.swift in Sources */,
				18E1D8482B51BDF10094CB12 /* DetailsPresenter.swift in Sources */,
				183D921F2B4AF850007AE5CF /* NetworkError.swift in Sources */,
				183D921D2B4AF744007AE5CF /* HTTPMethod.swift in Sources */,
				18E1D8442B51A3030094CB12 /* MovieEndpoint.swift in Sources */,
				185D813A2B4D866300B9F8DD /* UIViewController+Extension.swift in Sources */,
				183D92342B4B70B7007AE5CF /* HomeFactory.swift in Sources */,
				183D92322B4B6086007AE5CF /* HomePresenter.swift in Sources */,
				1800F40F2B6056A700282246 /* MenuViewController.swift in Sources */,
				183D923C2B4C3789007AE5CF /* CarouselSectionHeaderView.swift in Sources */,
				1800F4112B6056B800282246 /* MenuFactory.swift in Sources */,
				188572B32B54A315003A7BE2 /* TransitionManager.swift in Sources */,
				187B9EAA2B4F1F5100E75C62 /* HomeRouter.swift in Sources */,
				18E1D8462B51A4870094CB12 /* DetailsInteractor.swift in Sources */,
				183D922C2B4B2541007AE5CF /* MovieListEndpoint.swift in Sources */,
				188064D02B4CFE770064C122 /* UImage+Extension.swift in Sources */,
				183D92372B4C11D0007AE5CF /* CarouselCollectionViewCell.swift in Sources */,
				183D92062B4AF357007AE5CF /* SceneDelegate.swift in Sources */,
				18E1D8422B5194530094CB12 /* ReleaseDate.swift in Sources */,
				188064D22B4CFE8E0064C122 /* UIView+Extension.swift in Sources */,
				183D92212B4AFBCB007AE5CF /* NetworkService.swift in Sources */,
			);
			runOnlyForDeploymentPostprocessing = 0;
		};
/* End PBXSourcesBuildPhase section */

/* Begin PBXVariantGroup section */
		183D920E2B4AF358007AE5CF /* LaunchScreen.storyboard */ = {
			isa = PBXVariantGroup;
			children = (
				183D920F2B4AF358007AE5CF /* Base */,
			);
			name = LaunchScreen.storyboard;
			sourceTree = "<group>";
		};
/* End PBXVariantGroup section */

/* Begin XCBuildConfiguration section */
		183D92122B4AF358007AE5CF /* Debug */ = {
			isa = XCBuildConfiguration;
			buildSettings = {
				ALWAYS_SEARCH_USER_PATHS = NO;
				ASSETCATALOG_COMPILER_GENERATE_SWIFT_ASSET_SYMBOL_EXTENSIONS = YES;
				CLANG_ANALYZER_LOCALIZABILITY_NONLOCALIZED = YES;
				CLANG_ANALYZER_NONNULL = YES;
				CLANG_ANALYZER_NUMBER_OBJECT_CONVERSION = YES_AGGRESSIVE;
				CLANG_CXX_LANGUAGE_STANDARD = "gnu++20";
				CLANG_ENABLE_MODULES = YES;
				CLANG_ENABLE_OBJC_ARC = YES;
				CLANG_ENABLE_OBJC_WEAK = YES;
				CLANG_WARN_BLOCK_CAPTURE_AUTORELEASING = YES;
				CLANG_WARN_BOOL_CONVERSION = YES;
				CLANG_WARN_COMMA = YES;
				CLANG_WARN_CONSTANT_CONVERSION = YES;
				CLANG_WARN_DEPRECATED_OBJC_IMPLEMENTATIONS = YES;
				CLANG_WARN_DIRECT_OBJC_ISA_USAGE = YES_ERROR;
				CLANG_WARN_DOCUMENTATION_COMMENTS = YES;
				CLANG_WARN_EMPTY_BODY = YES;
				CLANG_WARN_ENUM_CONVERSION = YES;
				CLANG_WARN_INFINITE_RECURSION = YES;
				CLANG_WARN_INT_CONVERSION = YES;
				CLANG_WARN_NON_LITERAL_NULL_CONVERSION = YES;
				CLANG_WARN_OBJC_IMPLICIT_RETAIN_SELF = YES;
				CLANG_WARN_OBJC_LITERAL_CONVERSION = YES;
				CLANG_WARN_OBJC_ROOT_CLASS = YES_ERROR;
				CLANG_WARN_QUOTED_INCLUDE_IN_FRAMEWORK_HEADER = YES;
				CLANG_WARN_RANGE_LOOP_ANALYSIS = YES;
				CLANG_WARN_STRICT_PROTOTYPES = YES;
				CLANG_WARN_SUSPICIOUS_MOVE = YES;
				CLANG_WARN_UNGUARDED_AVAILABILITY = YES_AGGRESSIVE;
				CLANG_WARN_UNREACHABLE_CODE = YES;
				CLANG_WARN__DUPLICATE_METHOD_MATCH = YES;
				COPY_PHASE_STRIP = NO;
				DEBUG_INFORMATION_FORMAT = dwarf;
				ENABLE_STRICT_OBJC_MSGSEND = YES;
				ENABLE_TESTABILITY = YES;
				ENABLE_USER_SCRIPT_SANDBOXING = YES;
				GCC_C_LANGUAGE_STANDARD = gnu17;
				GCC_DYNAMIC_NO_PIC = NO;
				GCC_NO_COMMON_BLOCKS = YES;
				GCC_OPTIMIZATION_LEVEL = 0;
				GCC_PREPROCESSOR_DEFINITIONS = (
					"DEBUG=1",
					"$(inherited)",
				);
				GCC_WARN_64_TO_32_BIT_CONVERSION = YES;
				GCC_WARN_ABOUT_RETURN_TYPE = YES_ERROR;
				GCC_WARN_UNDECLARED_SELECTOR = YES;
				GCC_WARN_UNINITIALIZED_AUTOS = YES_AGGRESSIVE;
				GCC_WARN_UNUSED_FUNCTION = YES;
				GCC_WARN_UNUSED_VARIABLE = YES;
				IPHONEOS_DEPLOYMENT_TARGET = 16.0;
				LOCALIZATION_PREFERS_STRING_CATALOGS = YES;
				MTL_ENABLE_DEBUG_INFO = INCLUDE_SOURCE;
				MTL_FAST_MATH = YES;
				ONLY_ACTIVE_ARCH = YES;
				SDKROOT = iphoneos;
				SWIFT_ACTIVE_COMPILATION_CONDITIONS = "DEBUG $(inherited)";
				SWIFT_OPTIMIZATION_LEVEL = "-Onone";
			};
			name = Debug;
		};
		183D92132B4AF358007AE5CF /* Release */ = {
			isa = XCBuildConfiguration;
			buildSettings = {
				ALWAYS_SEARCH_USER_PATHS = NO;
				ASSETCATALOG_COMPILER_GENERATE_SWIFT_ASSET_SYMBOL_EXTENSIONS = YES;
				CLANG_ANALYZER_LOCALIZABILITY_NONLOCALIZED = YES;
				CLANG_ANALYZER_NONNULL = YES;
				CLANG_ANALYZER_NUMBER_OBJECT_CONVERSION = YES_AGGRESSIVE;
				CLANG_CXX_LANGUAGE_STANDARD = "gnu++20";
				CLANG_ENABLE_MODULES = YES;
				CLANG_ENABLE_OBJC_ARC = YES;
				CLANG_ENABLE_OBJC_WEAK = YES;
				CLANG_WARN_BLOCK_CAPTURE_AUTORELEASING = YES;
				CLANG_WARN_BOOL_CONVERSION = YES;
				CLANG_WARN_COMMA = YES;
				CLANG_WARN_CONSTANT_CONVERSION = YES;
				CLANG_WARN_DEPRECATED_OBJC_IMPLEMENTATIONS = YES;
				CLANG_WARN_DIRECT_OBJC_ISA_USAGE = YES_ERROR;
				CLANG_WARN_DOCUMENTATION_COMMENTS = YES;
				CLANG_WARN_EMPTY_BODY = YES;
				CLANG_WARN_ENUM_CONVERSION = YES;
				CLANG_WARN_INFINITE_RECURSION = YES;
				CLANG_WARN_INT_CONVERSION = YES;
				CLANG_WARN_NON_LITERAL_NULL_CONVERSION = YES;
				CLANG_WARN_OBJC_IMPLICIT_RETAIN_SELF = YES;
				CLANG_WARN_OBJC_LITERAL_CONVERSION = YES;
				CLANG_WARN_OBJC_ROOT_CLASS = YES_ERROR;
				CLANG_WARN_QUOTED_INCLUDE_IN_FRAMEWORK_HEADER = YES;
				CLANG_WARN_RANGE_LOOP_ANALYSIS = YES;
				CLANG_WARN_STRICT_PROTOTYPES = YES;
				CLANG_WARN_SUSPICIOUS_MOVE = YES;
				CLANG_WARN_UNGUARDED_AVAILABILITY = YES_AGGRESSIVE;
				CLANG_WARN_UNREACHABLE_CODE = YES;
				CLANG_WARN__DUPLICATE_METHOD_MATCH = YES;
				COPY_PHASE_STRIP = NO;
				DEBUG_INFORMATION_FORMAT = "dwarf-with-dsym";
				ENABLE_NS_ASSERTIONS = NO;
				ENABLE_STRICT_OBJC_MSGSEND = YES;
				ENABLE_USER_SCRIPT_SANDBOXING = YES;
				GCC_C_LANGUAGE_STANDARD = gnu17;
				GCC_NO_COMMON_BLOCKS = YES;
				GCC_WARN_64_TO_32_BIT_CONVERSION = YES;
				GCC_WARN_ABOUT_RETURN_TYPE = YES_ERROR;
				GCC_WARN_UNDECLARED_SELECTOR = YES;
				GCC_WARN_UNINITIALIZED_AUTOS = YES_AGGRESSIVE;
				GCC_WARN_UNUSED_FUNCTION = YES;
				GCC_WARN_UNUSED_VARIABLE = YES;
				IPHONEOS_DEPLOYMENT_TARGET = 16.0;
				LOCALIZATION_PREFERS_STRING_CATALOGS = YES;
				MTL_ENABLE_DEBUG_INFO = NO;
				MTL_FAST_MATH = YES;
				SDKROOT = iphoneos;
				SWIFT_COMPILATION_MODE = wholemodule;
				VALIDATE_PRODUCT = YES;
			};
			name = Release;
		};
		183D92152B4AF358007AE5CF /* Debug */ = {
			isa = XCBuildConfiguration;
			buildSettings = {
				ASSETCATALOG_COMPILER_APPICON_NAME = AppIcon;
				ASSETCATALOG_COMPILER_GLOBAL_ACCENT_COLOR_NAME = AccentColor;
				CODE_SIGN_STYLE = Automatic;
				CURRENT_PROJECT_VERSION = 1;
				DEVELOPMENT_TEAM = FYZHV75N6Y;
				GENERATE_INFOPLIST_FILE = YES;
				INFOPLIST_FILE = YSMovie/Info.plist;
				INFOPLIST_KEY_UIApplicationSupportsIndirectInputEvents = YES;
				INFOPLIST_KEY_UILaunchStoryboardName = LaunchScreen;
				INFOPLIST_KEY_UISupportedInterfaceOrientations = UIInterfaceOrientationPortrait;
				INFOPLIST_KEY_UISupportedInterfaceOrientations_iPad = "UIInterfaceOrientationLandscapeLeft UIInterfaceOrientationLandscapeRight";
				IPHONEOS_DEPLOYMENT_TARGET = 16.0;
				LD_RUNPATH_SEARCH_PATHS = (
					"$(inherited)",
					"@executable_path/Frameworks",
				);
				MARKETING_VERSION = 1.0;
				PRODUCT_BUNDLE_IDENTIFIER = com.yuri.YSMovie;
				PRODUCT_NAME = "$(TARGET_NAME)";
				SWIFT_EMIT_LOC_STRINGS = YES;
				SWIFT_VERSION = 5.0;
				TARGETED_DEVICE_FAMILY = "1,2";
			};
			name = Debug;
		};
		183D92162B4AF358007AE5CF /* Release */ = {
			isa = XCBuildConfiguration;
			buildSettings = {
				ASSETCATALOG_COMPILER_APPICON_NAME = AppIcon;
				ASSETCATALOG_COMPILER_GLOBAL_ACCENT_COLOR_NAME = AccentColor;
				CODE_SIGN_STYLE = Automatic;
				CURRENT_PROJECT_VERSION = 1;
				DEVELOPMENT_TEAM = FYZHV75N6Y;
				GENERATE_INFOPLIST_FILE = YES;
				INFOPLIST_FILE = YSMovie/Info.plist;
				INFOPLIST_KEY_UIApplicationSupportsIndirectInputEvents = YES;
				INFOPLIST_KEY_UILaunchStoryboardName = LaunchScreen;
				INFOPLIST_KEY_UISupportedInterfaceOrientations = UIInterfaceOrientationPortrait;
				INFOPLIST_KEY_UISupportedInterfaceOrientations_iPad = "UIInterfaceOrientationLandscapeLeft UIInterfaceOrientationLandscapeRight";
				IPHONEOS_DEPLOYMENT_TARGET = 16.0;
				LD_RUNPATH_SEARCH_PATHS = (
					"$(inherited)",
					"@executable_path/Frameworks",
				);
				MARKETING_VERSION = 1.0;
				PRODUCT_BUNDLE_IDENTIFIER = com.yuri.YSMovie;
				PRODUCT_NAME = "$(TARGET_NAME)";
				SWIFT_EMIT_LOC_STRINGS = YES;
				SWIFT_VERSION = 5.0;
				TARGETED_DEVICE_FAMILY = "1,2";
			};
			name = Release;
		};
/* End XCBuildConfiguration section */

/* Begin XCConfigurationList section */
		183D91FB2B4AF357007AE5CF /* Build configuration list for PBXProject "YSMovie" */ = {
			isa = XCConfigurationList;
			buildConfigurations = (
				183D92122B4AF358007AE5CF /* Debug */,
				183D92132B4AF358007AE5CF /* Release */,
			);
			defaultConfigurationIsVisible = 0;
			defaultConfigurationName = Release;
		};
		183D92142B4AF358007AE5CF /* Build configuration list for PBXNativeTarget "YSMovie" */ = {
			isa = XCConfigurationList;
			buildConfigurations = (
				183D92152B4AF358007AE5CF /* Debug */,
				183D92162B4AF358007AE5CF /* Release */,
			);
			defaultConfigurationIsVisible = 0;
			defaultConfigurationName = Release;
		};
/* End XCConfigurationList section */

/* Begin XCRemoteSwiftPackageReference section */
		183D92382B4C190C007AE5CF /* XCRemoteSwiftPackageReference "Kingfisher" */ = {
			isa = XCRemoteSwiftPackageReference;
			repositoryURL = "https://github.com/onevcat/Kingfisher.git";
			requirement = {
				kind = exactVersion;
				version = 7.10.1;
			};
		};
/* End XCRemoteSwiftPackageReference section */

/* Begin XCSwiftPackageProductDependency section */
		183D92392B4C190C007AE5CF /* Kingfisher */ = {
			isa = XCSwiftPackageProductDependency;
			package = 183D92382B4C190C007AE5CF /* XCRemoteSwiftPackageReference "Kingfisher" */;
			productName = Kingfisher;
		};
/* End XCSwiftPackageProductDependency section */
	};
	rootObject = 183D91F82B4AF357007AE5CF /* Project object */;
}
